
Microsoft Visual Studio Solution File, Format Version 12.00
# Visual Studio Version 17
VisualStudioVersion = 17.1.32319.34
MinimumVisualStudioVersion = 10.0.40219.1
Project("{9A19103F-16F7-4668-BE54-9A1E7A4F7556}") = "ChatApp", "ChatApp\ChatApp.csproj", "{C6459F0E-887C-4C7D-9264-9F0509004741}"
EndProject
Project("{9A19103F-16F7-4668-BE54-9A1E7A4F7556}") = "TestProject", "..\StockBot\TestProject\TestProject.csproj", "{1CD84072-7EB8-46B4-B734-93D3D4784617}"
EndProject
Project("{9A19103F-16F7-4668-BE54-9A1E7A4F7556}") = "StockBot", "..\StockBot\StockBot\StockBot.csproj", "{946D7ED0-D841-44E7-9919-0A5ADB583D39}"
EndProject
Global
	GlobalSection(SolutionConfigurationPlatforms) = preSolution
		Debug|Any CPU = Debug|Any CPU
		Release|Any CPU = Release|Any CPU
	EndGlobalSection
	GlobalSection(ProjectConfigurationPlatforms) = postSolution
		{C6459F0E-887C-4C7D-9264-9F0509004741}.Debug|Any CPU.ActiveCfg = Debug|Any CPU
		{C6459F0E-887C-4C7D-9264-9F0509004741}.Debug|Any CPU.Build.0 = Debug|Any CPU
		{C6459F0E-887C-4C7D-9264-9F0509004741}.Release|Any CPU.ActiveCfg = Release|Any CPU
		{C6459F0E-887C-4C7D-9264-9F0509004741}.Release|Any CPU.Build.0 = Release|Any CPU
		{1CD84072-7EB8-46B4-B734-93D3D4784617}.Debug|Any CPU.ActiveCfg = Debug|Any CPU
		{1CD84072-7EB8-46B4-B734-93D3D4784617}.Debug|Any CPU.Build.0 = Debug|Any CPU
		{1CD84072-7EB8-46B4-B734-93D3D4784617}.Release|Any CPU.ActiveCfg = Release|Any CPU
		{1CD84072-7EB8-46B4-B734-93D3D4784617}.Release|Any CPU.Build.0 = Release|Any CPU
		{946D7ED0-D841-44E7-9919-0A5ADB583D39}.Debug|Any CPU.ActiveCfg = Debug|Any CPU
		{946D7ED0-D841-44E7-9919-0A5ADB583D39}.Debug|Any CPU.Build.0 = Debug|Any CPU
		{946D7ED0-D841-44E7-9919-0A5ADB583D39}.Release|Any CPU.ActiveCfg = Release|Any CPU
		{946D7ED0-D841-44E7-9919-0A5ADB583D39}.Release|Any CPU.Build.0 = Release|Any CPU
	EndGlobalSection
	GlobalSection(SolutionProperties) = preSolution
		HideSolutionNode = FALSE
	EndGlobalSection
	GlobalSection(ExtensibilityGlobals) = postSolution
		SolutionGuid = {B4B972EB-12F3-4725-9CDE-608B1F8C4A8F}
	EndGlobalSection
EndGlobal
